
Microsoft Visual Studio Solution File, Format Version 12.00
# Visual Studio Version 17
VisualStudioVersion = 17.14.36603.0
MinimumVisualStudioVersion = 10.0.40219.1
Project("{FAE04EC0-301F-11D3-BF4B-00C04F79EFBC}") = "PinkSalt", "PinkSalt\PinkSalt.csproj", "{F89A407C-462A-4A8B-99F2-B0365398A9F3}"
EndProject
Project("{FAE04EC0-301F-11D3-BF4B-00C04F79EFBC}") = "PinkSalt.Tests", "PinkSalt.Tests\PinkSalt.Tests.csproj", "{23C65E48-A5EB-4619-9340-19819439ACED}"
EndProject
Global
	GlobalSection(SolutionConfigurationPlatforms) = preSolution
		Debug|Any CPU = Debug|Any CPU
		Debug|x64 = Debug|x64
		Debug|x86 = Debug|x86
		Release|Any CPU = Release|Any CPU
		Release|x64 = Release|x64
		Release|x86 = Release|x86
	EndGlobalSection
	GlobalSection(ProjectConfigurationPlatforms) = postSolution
		{F89A407C-462A-4A8B-99F2-B0365398A9F3}.Debug|Any CPU.ActiveCfg = Debug|Any CPU
		{F89A407C-462A-4A8B-99F2-B0365398A9F3}.Debug|Any CPU.Build.0 = Debug|Any CPU
		{F89A407C-462A-4A8B-99F2-B0365398A9F3}.Debug|x64.ActiveCfg = Debug|Any CPU
		{F89A407C-462A-4A8B-99F2-B0365398A9F3}.Debug|x64.Build.0 = Debug|Any CPU
		{F89A407C-462A-4A8B-99F2-B0365398A9F3}.Debug|x86.ActiveCfg = Debug|Any CPU
		{F89A407C-462A-4A8B-99F2-B0365398A9F3}.Debug|x86.Build.0 = Debug|Any CPU
		{F89A407C-462A-4A8B-99F2-B0365398A9F3}.Release|Any CPU.ActiveCfg = Release|Any CPU
		{F89A407C-462A-4A8B-99F2-B0365398A9F3}.Release|Any CPU.Build.0 = Release|Any CPU
		{F89A407C-462A-4A8B-99F2-B0365398A9F3}.Release|x64.ActiveCfg = Release|Any CPU
		{F89A407C-462A-4A8B-99F2-B0365398A9F3}.Release|x64.Build.0 = Release|Any CPU
		{F89A407C-462A-4A8B-99F2-B0365398A9F3}.Release|x86.ActiveCfg = Release|Any CPU
		{F89A407C-462A-4A8B-99F2-B0365398A9F3}.Release|x86.Build.0 = Release|Any CPU
		{23C65E48-A5EB-4619-9340-19819439ACED}.Debug|Any CPU.ActiveCfg = Debug|Any CPU
		{23C65E48-A5EB-4619-9340-19819439ACED}.Debug|Any CPU.Build.0 = Debug|Any CPU
		{23C65E48-A5EB-4619-9340-19819439ACED}.Debug|x64.ActiveCfg = Debug|Any CPU
		{23C65E48-A5EB-4619-9340-19819439ACED}.Debug|x64.Build.0 = Debug|Any CPU
		{23C65E48-A5EB-4619-9340-19819439ACED}.Debug|x86.ActiveCfg = Debug|Any CPU
		{23C65E48-A5EB-4619-9340-19819439ACED}.Debug|x86.Build.0 = Debug|Any CPU
		{23C65E48-A5EB-4619-9340-19819439ACED}.Release|Any CPU.ActiveCfg = Release|Any CPU
		{23C65E48-A5EB-4619-9340-19819439ACED}.Release|Any CPU.Build.0 = Release|Any CPU
		{23C65E48-A5EB-4619-9340-19819439ACED}.Release|x64.ActiveCfg = Release|Any CPU
		{23C65E48-A5EB-4619-9340-19819439ACED}.Release|x64.Build.0 = Release|Any CPU
		{23C65E48-A5EB-4619-9340-19819439ACED}.Release|x86.ActiveCfg = Release|Any CPU
		{23C65E48-A5EB-4619-9340-19819439ACED}.Release|x86.Build.0 = Release|Any CPU
	EndGlobalSection
	GlobalSection(SolutionProperties) = preSolution
		HideSolutionNode = FALSE
	EndGlobalSection
	GlobalSection(ExtensibilityGlobals) = postSolution
		SolutionGuid = {D471DA32-68E7-487D-BFD0-3882FF899458}
	EndGlobalSection
EndGlobal
